{
  "name": "ccxtpump",
  "version": "1.0.0",
  "lockfileVersion": 2,
  "requires": true,
  "packages": {
    "": {
      "name": "ccxtpump",
      "version": "1.0.0",
      "license": "ISC",
      "dependencies": {
        "ccxt": "^1.43.27",
        "dotenv": "^8.2.0"
      }
    },
    "node_modules/ccxt": {
      "version": "1.43.27",
      "resolved": "https://registry.npmjs.org/ccxt/-/ccxt-1.43.27.tgz",
      "integrity": "sha512-WMD1deDePoOoZ1YdTx+JPyh0TTvXNpzPzA6VAToFgcm5EE0Mts0PdngWozrnZJg/uAuHabRBdIY5fC8wQ3ESuA==",
      "hasInstallScript": true,
      "engines": {
        "node": ">=7.6.0"
      }
    },
    "node_modules/dotenv": {
      "version": "8.2.0",
      "resolved": "https://registry.npmjs.org/dotenv/-/dotenv-8.2.0.tgz",
      "integrity": "sha512-8sJ78ElpbDJBHNeBzUbUVLsqKdccaa/BXF1uPTw3GrvQTBgrQrtObr2mUrE38vzYd8cEv+m/JBfDLioYcfXoaw==",
      "engines": {
        "node": ">=8"
      }
    }
  },
  "dependencies": {
    "ccxt": {
      "version": "1.43.27",
      "resolved": "https://registry.npmjs.org/ccxt/-/ccxt-1.43.27.tgz",
      "integrity": "sha512-WMD1deDePoOoZ1YdTx+JPyh0TTvXNpzPzA6VAToFgcm5EE0Mts0PdngWozrnZJg/uAuHabRBdIY5fC8wQ3ESuA=="
    },
    "dotenv": {
      "version": "8.2.0",
      "resolved": "https://registry.npmjs.org/dotenv/-/dotenv-8.2.0.tgz",
      "integrity": "sha512-8sJ78ElpbDJBHNeBzUbUVLsqKdccaa/BXF1uPTw3GrvQTBgrQrtObr2mUrE38vzYd8cEv+m/JBfDLioYcfXoaw=="
    }
  }
}
